
Microsoft Visual Studio Solution File, Format Version 12.00
# Visual Studio 2012
Project("{FAE04EC0-301F-11D3-BF4B-00C04F79EFBC}") = "Currency Rate Update", "Currency Rate Update\Currency Rate Update.csproj", "{11732C99-92E7-4046-96AC-787C7B7178EE}"
EndProject
Global
	GlobalSection(SolutionConfigurationPlatforms) = preSolution
		Debug|Any CPU = Debug|Any CPU
		Release|Any CPU = Release|Any CPU
	EndGlobalSection
	GlobalSection(ProjectConfigurationPlatforms) = postSolution
		{11732C99-92E7-4046-96AC-787C7B7178EE}.Debug|Any CPU.ActiveCfg = Debug|Any CPU
		{11732C99-92E7-4046-96AC-787C7B7178EE}.Debug|Any CPU.Build.0 = Debug|Any CPU
		{11732C99-92E7-4046-96AC-787C7B7178EE}.Release|Any CPU.ActiveCfg = Release|Any CPU
		{11732C99-92E7-4046-96AC-787C7B7178EE}.Release|Any CPU.Build.0 = Release|Any CPU
	EndGlobalSection
	GlobalSection(SolutionProperties) = preSolution
		HideSolutionNode = FALSE
	EndGlobalSection
EndGlobal
